
Microsoft Visual Studio Solution File, Format Version 12.00
# Visual Studio Version 16
VisualStudioVersion = 16.0.30621.155
MinimumVisualStudioVersion = 10.0.40219.1
Project("{FAE04EC0-301F-11D3-BF4B-00C04F79EFBC}") = "JVMAPI", "JVMAPI\JVMAPI.csproj", "{D3B0AE1C-741A-458B-A4C5-4977C94671EF}"
EndProject
Project("{FAE04EC0-301F-11D3-BF4B-00C04F79EFBC}") = "JVMDB", "JVMDB\JVMDB.csproj", "{FDC1283E-58E5-471A-95D7-89F0DCE84F4E}"
EndProject
Project("{FAE04EC0-301F-11D3-BF4B-00C04F79EFBC}") = "JVMLib", "JVMLib\JVMLib.csproj", "{D147E212-3AE1-428C-A522-915BAEE80A38}"
EndProject
Global
	GlobalSection(SolutionConfigurationPlatforms) = preSolution
		Debug|Any CPU = Debug|Any CPU
		Release|Any CPU = Release|Any CPU
	EndGlobalSection
	GlobalSection(ProjectConfigurationPlatforms) = postSolution
		{D3B0AE1C-741A-458B-A4C5-4977C94671EF}.Debug|Any CPU.ActiveCfg = Debug|Any CPU
		{D3B0AE1C-741A-458B-A4C5-4977C94671EF}.Debug|Any CPU.Build.0 = Debug|Any CPU
		{D3B0AE1C-741A-458B-A4C5-4977C94671EF}.Release|Any CPU.ActiveCfg = Release|Any CPU
		{D3B0AE1C-741A-458B-A4C5-4977C94671EF}.Release|Any CPU.Build.0 = Release|Any CPU
		{FDC1283E-58E5-471A-95D7-89F0DCE84F4E}.Debug|Any CPU.ActiveCfg = Debug|Any CPU
		{FDC1283E-58E5-471A-95D7-89F0DCE84F4E}.Debug|Any CPU.Build.0 = Debug|Any CPU
		{FDC1283E-58E5-471A-95D7-89F0DCE84F4E}.Release|Any CPU.ActiveCfg = Release|Any CPU
		{FDC1283E-58E5-471A-95D7-89F0DCE84F4E}.Release|Any CPU.Build.0 = Release|Any CPU
		{D147E212-3AE1-428C-A522-915BAEE80A38}.Debug|Any CPU.ActiveCfg = Debug|Any CPU
		{D147E212-3AE1-428C-A522-915BAEE80A38}.Debug|Any CPU.Build.0 = Debug|Any CPU
		{D147E212-3AE1-428C-A522-915BAEE80A38}.Release|Any CPU.ActiveCfg = Release|Any CPU
		{D147E212-3AE1-428C-A522-915BAEE80A38}.Release|Any CPU.Build.0 = Release|Any CPU
	EndGlobalSection
	GlobalSection(SolutionProperties) = preSolution
		HideSolutionNode = FALSE
	EndGlobalSection
	GlobalSection(ExtensibilityGlobals) = postSolution
		SolutionGuid = {D74BA1DE-A2CF-4B8C-B2C9-8E4036E59548}
	EndGlobalSection
EndGlobal
